
Microsoft Visual Studio Solution File, Format Version 12.00
# Visual Studio Version 17
VisualStudioVersion = 17.1.32328.378
MinimumVisualStudioVersion = 10.0.40219.1
Project("{FAE04EC0-301F-11D3-BF4B-00C04F79EFBC}") = "SzyfrCezara", "SzyfrCezara\SzyfrCezara.csproj", "{CAA13125-0253-4E15-8455-42AD7C58CCC6}"
EndProject
Global
	GlobalSection(SolutionConfigurationPlatforms) = preSolution
		Debug|Any CPU = Debug|Any CPU
		Release|Any CPU = Release|Any CPU
	EndGlobalSection
	GlobalSection(ProjectConfigurationPlatforms) = postSolution
		{CAA13125-0253-4E15-8455-42AD7C58CCC6}.Debug|Any CPU.ActiveCfg = Debug|Any CPU
		{CAA13125-0253-4E15-8455-42AD7C58CCC6}.Debug|Any CPU.Build.0 = Debug|Any CPU
		{CAA13125-0253-4E15-8455-42AD7C58CCC6}.Release|Any CPU.ActiveCfg = Release|Any CPU
		{CAA13125-0253-4E15-8455-42AD7C58CCC6}.Release|Any CPU.Build.0 = Release|Any CPU
	EndGlobalSection
	GlobalSection(SolutionProperties) = preSolution
		HideSolutionNode = FALSE
	EndGlobalSection
	GlobalSection(ExtensibilityGlobals) = postSolution
		SolutionGuid = {2B2641BC-52BF-47A7-A83D-E401EF31F05D}
	EndGlobalSection
EndGlobal
